
Microsoft Visual Studio Solution File, Format Version 12.00
# Visual Studio Version 17
VisualStudioVersion = 17.3.32922.545
MinimumVisualStudioVersion = 10.0.40219.1
Project("{FAE04EC0-301F-11D3-BF4B-00C04F79EFBC}") = "CoffeeMachine", "CoffeeMachine\CoffeeMachine.csproj", "{51D6BCA4-33BA-4018-BC69-3E2FCFE17EB4}"
EndProject
Project("{FAE04EC0-301F-11D3-BF4B-00C04F79EFBC}") = "CoffeeMachine.Tests", "CoffeeMachine.Tests\CoffeeMachine.Tests.csproj", "{2E31B860-BAEE-46D0-9C58-F51495C3258D}"
EndProject
Global
	GlobalSection(SolutionConfigurationPlatforms) = preSolution
		Debug|Any CPU = Debug|Any CPU
		Release|Any CPU = Release|Any CPU
	EndGlobalSection
	GlobalSection(ProjectConfigurationPlatforms) = postSolution
		{51D6BCA4-33BA-4018-BC69-3E2FCFE17EB4}.Debug|Any CPU.ActiveCfg = Debug|Any CPU
		{51D6BCA4-33BA-4018-BC69-3E2FCFE17EB4}.Debug|Any CPU.Build.0 = Debug|Any CPU
		{51D6BCA4-33BA-4018-BC69-3E2FCFE17EB4}.Release|Any CPU.ActiveCfg = Release|Any CPU
		{51D6BCA4-33BA-4018-BC69-3E2FCFE17EB4}.Release|Any CPU.Build.0 = Release|Any CPU
		{2E31B860-BAEE-46D0-9C58-F51495C3258D}.Debug|Any CPU.ActiveCfg = Debug|Any CPU
		{2E31B860-BAEE-46D0-9C58-F51495C3258D}.Debug|Any CPU.Build.0 = Debug|Any CPU
		{2E31B860-BAEE-46D0-9C58-F51495C3258D}.Release|Any CPU.ActiveCfg = Release|Any CPU
		{2E31B860-BAEE-46D0-9C58-F51495C3258D}.Release|Any CPU.Build.0 = Release|Any CPU
	EndGlobalSection
	GlobalSection(SolutionProperties) = preSolution
		HideSolutionNode = FALSE
	EndGlobalSection
	GlobalSection(ExtensibilityGlobals) = postSolution
		SolutionGuid = {C7B6D2CD-B10D-4935-9167-C67C5D154432}
	EndGlobalSection
EndGlobal
